github.com/padmarajkore/dog v0.0.0-20230524181042-04b005a9c52f h1:+IbovQdptyRR9yvYTH/Dkrc5y+NftS/9dbRGNkWq/4w=
github.com/padmarajkore/dog v0.0.0-20230524181042-04b005a9c52f/go.mod h1:fHJi15Kx/QZiG8m0oUe4ZhHQ3kxOA8KnyEztKD9dc2o=
github.com/padmarajkore/dog v0.0.0-20230524182154-a2f06485d4b4 h1:Th5UFgzb6vyVRIHiQxkr96o9SIfuom/1P38gGeyN6Pc=
github.com/padmarajkore/dog v0.0.0-20230524182154-a2f06485d4b4/go.mod h1:fHJi15Kx/QZiG8m0oUe4ZhHQ3kxOA8KnyEztKD9dc2o=
